
Microsoft Visual Studio Solution File, Format Version 12.00
# Visual Studio Version 16
VisualStudioVersion = 16.0.31729.503
MinimumVisualStudioVersion = 10.0.40219.1
Project("{FAE04EC0-301F-11D3-BF4B-00C04F79EFBC}") = "NewAgent", "NewAgent\NewAgent.csproj", "{2CB4D0FF-3690-463D-AFBC-241905DAC305}"
EndProject
Global
	GlobalSection(SolutionConfigurationPlatforms) = preSolution
		Debug|Any CPU = Debug|Any CPU
		Release|Any CPU = Release|Any CPU
	EndGlobalSection
	GlobalSection(ProjectConfigurationPlatforms) = postSolution
		{2CB4D0FF-3690-463D-AFBC-241905DAC305}.Debug|Any CPU.ActiveCfg = Debug|Any CPU
		{2CB4D0FF-3690-463D-AFBC-241905DAC305}.Debug|Any CPU.Build.0 = Debug|Any CPU
		{2CB4D0FF-3690-463D-AFBC-241905DAC305}.Release|Any CPU.ActiveCfg = Release|Any CPU
		{2CB4D0FF-3690-463D-AFBC-241905DAC305}.Release|Any CPU.Build.0 = Release|Any CPU
	EndGlobalSection
	GlobalSection(SolutionProperties) = preSolution
		HideSolutionNode = FALSE
	EndGlobalSection
	GlobalSection(ExtensibilityGlobals) = postSolution
		SolutionGuid = {2496F9CE-9E21-4132-88B3-126FE820DC38}
	EndGlobalSection
EndGlobal
